
Microsoft Visual Studio Solution File, Format Version 12.00
# Visual Studio 15
Project("{FAE04EC0-301F-11D3-BF4B-00C04F79EFBC}") = "Unity.Timeline", "Unity.Timeline.csproj", "{786DB870-34C0-76B0-673D-B12505B57CA2}"
EndProject
Project("{FAE04EC0-301F-11D3-BF4B-00C04F79EFBC}") = "Unity.Timeline.Editor", "Unity.Timeline.Editor.csproj", "{BB0408D9-921F-CA0A-185F-7391F86E6510}"
EndProject
Project("{FAE04EC0-301F-11D3-BF4B-00C04F79EFBC}") = "Unity.TextMeshPro.Editor", "Unity.TextMeshPro.Editor.csproj", "{F23D1B9C-5C10-7A8A-61A2-10C8439EBE7A}"
EndProject
Project("{FAE04EC0-301F-11D3-BF4B-00C04F79EFBC}") = "Unity.VisualScripting.Flow", "Unity.VisualScripting.Flow.csproj", "{F8A75879-EFB8-090C-9440-5C2C22F77E2F}"
EndProject
Project("{FAE04EC0-301F-11D3-BF4B-00C04F79EFBC}") = "UnityEditor.UI", "UnityEditor.UI.csproj", "{19330FB6-894B-0C15-3304-35A1AA19CDFF}"
EndProject
Project("{FAE04EC0-301F-11D3-BF4B-00C04F79EFBC}") = "Unity.PlasticSCM.Editor", "Unity.PlasticSCM.Editor.csproj", "{0505D13D-5DC8-52AD-4E7F-32678B8EFFA8}"
EndProject
Project("{FAE04EC0-301F-11D3-BF4B-00C04F79EFBC}") = "Unity.VisualScripting.Core", "Unity.VisualScripting.Core.csproj", "{99C59FFC-D444-0142-DFC9-90A29D5CFDE4}"
EndProject
Project("{FAE04EC0-301F-11D3-BF4B-00C04F79EFBC}") = "Unity.VisualScripting.Core.Editor", "Unity.VisualScripting.Core.Editor.csproj", "{C265CF33-1073-B53E-777D-FFF96ACEA1D1}"
EndProject
Project("{FAE04EC0-301F-11D3-BF4B-00C04F79EFBC}") = "Unity.VisualScripting.Flow.Editor", "Unity.VisualScripting.Flow.Editor.csproj", "{68CBB79D-8FE9-02D5-7ABF-4F9995A411D8}"
EndProject
Project("{FAE04EC0-301F-11D3-BF4B-00C04F79EFBC}") = "UnityEditor.TestRunner", "UnityEditor.TestRunner.csproj", "{2ED01BBB-2047-0BB0-3968-C09371350ECC}"
EndProject
Project("{FAE04EC0-301F-11D3-BF4B-00C04F79EFBC}") = "Unity.VisualScripting.SettingsProvider.Editor", "Unity.VisualScripting.SettingsProvider.Editor.csproj", "{52369789-A4A0-E213-2F79-2A997E7C3D0E}"
EndProject
Project("{FAE04EC0-301F-11D3-BF4B-00C04F79EFBC}") = "UnityEngine.TestRunner", "UnityEngine.TestRunner.csproj", "{0A2AD675-B95F-0729-BB19-7DE73BD6C99C}"
EndProject
Project("{FAE04EC0-301F-11D3-BF4B-00C04F79EFBC}") = "UnityEngine.UI", "UnityEngine.UI.csproj", "{DF0E731B-9B7F-C4DC-0984-B0416D402615}"
EndProject
Project("{FAE04EC0-301F-11D3-BF4B-00C04F79EFBC}") = "Unity.VisualStudio.Editor", "Unity.VisualStudio.Editor.csproj", "{42C4E789-ED17-8077-F26D-E92F1FF9D075}"
EndProject
Project("{FAE04EC0-301F-11D3-BF4B-00C04F79EFBC}") = "Assembly-CSharp", "Assembly-CSharp.csproj", "{18713320-4817-3DB2-49DB-20D0782A99BB}"
EndProject
Project("{FAE04EC0-301F-11D3-BF4B-00C04F79EFBC}") = "Unity.TestTools.CodeCoverage.Editor.OpenCover.Model", "Unity.TestTools.CodeCoverage.Editor.OpenCover.Model.csproj", "{42A438A7-0176-8A86-267A-4C9FCBA99ACA}"
EndProject
Project("{FAE04EC0-301F-11D3-BF4B-00C04F79EFBC}") = "Unity.Rider.Editor", "Unity.Rider.Editor.csproj", "{E704FF2B-9422-49DF-976B-4C45C9E7D66B}"
EndProject
Project("{FAE04EC0-301F-11D3-BF4B-00C04F79EFBC}") = "Unity.VisualScripting.State.Editor", "Unity.VisualScripting.State.Editor.csproj", "{291EC8EB-6184-84E9-D559-003B27D6359C}"
EndProject
Project("{FAE04EC0-301F-11D3-BF4B-00C04F79EFBC}") = "Unity.TestTools.CodeCoverage.Editor", "Unity.TestTools.CodeCoverage.Editor.csproj", "{5FABE049-56F2-4B77-A3FA-9CAF1D2B2037}"
EndProject
Project("{FAE04EC0-301F-11D3-BF4B-00C04F79EFBC}") = "Unity.VisualScripting.State", "Unity.VisualScripting.State.csproj", "{9E3BE5FA-776A-DBD0-4A11-DDC9D7290C24}"
EndProject
Project("{FAE04EC0-301F-11D3-BF4B-00C04F79EFBC}") = "Unity.TextMeshPro", "Unity.TextMeshPro.csproj", "{3D3ECA26-382B-4C00-2D60-EB5251A5FCD9}"
EndProject
Project("{FAE04EC0-301F-11D3-BF4B-00C04F79EFBC}") = "Unity.Performance.Profile-Analyzer.Editor", "Unity.Performance.Profile-Analyzer.Editor.csproj", "{5171BD3A-C735-65E9-30D5-CE76F837EA6C}"
EndProject
Project("{FAE04EC0-301F-11D3-BF4B-00C04F79EFBC}") = "Unity.VSCode.Editor", "Unity.VSCode.Editor.csproj", "{9F2A9E7C-C985-D71B-C1F0-53F362A647AB}"
EndProject
Project("{FAE04EC0-301F-11D3-BF4B-00C04F79EFBC}") = "Unity.TestTools.CodeCoverage.Editor.OpenCover.Mono.Reflection", "Unity.TestTools.CodeCoverage.Editor.OpenCover.Mono.Reflection.csproj", "{385A888E-B95D-C567-6E89-F1CC888CEFB1}"
EndProject
Project("{FAE04EC0-301F-11D3-BF4B-00C04F79EFBC}") = "Unity.Settings.Editor", "Unity.Settings.Editor.csproj", "{77E56BFB-9673-588B-8DE4-7D6443088C31}"
EndProject
Project("{FAE04EC0-301F-11D3-BF4B-00C04F79EFBC}") = "Unity.EditorCoroutines.Editor", "Unity.EditorCoroutines.Editor.csproj", "{CE6F211F-029E-49CC-5B20-428E6952F5A7}"
EndProject
Project("{FAE04EC0-301F-11D3-BF4B-00C04F79EFBC}") = "Unity.VisualScripting.Shared.Editor", "Unity.VisualScripting.Shared.Editor.csproj", "{8AEB9D96-9FC2-BC6E-6AF8-852DAD847137}"
EndProject
Project("{FAE04EC0-301F-11D3-BF4B-00C04F79EFBC}") = "Unity.CollabProxy.Editor", "Unity.CollabProxy.Editor.csproj", "{3279FAA2-A24B-6B17-F3F1-FA9DCA63EF22}"
EndProject
Global
	GlobalSection(SolutionConfigurationPlatforms) = preSolution
		Debug|Any CPU = Debug|Any CPU
		Release|Any CPU = Release|Any CPU
	EndGlobalSection
	GlobalSection(ProjectConfigurationPlatforms) = postSolution
		{786DB870-34C0-76B0-673D-B12505B57CA2}.Debug|Any CPU.ActiveCfg = Debug|Any CPU
		{786DB870-34C0-76B0-673D-B12505B57CA2}.Debug|Any CPU.Build.0 = Debug|Any CPU
		{786DB870-34C0-76B0-673D-B12505B57CA2}.Release|Any CPU.ActiveCfg = Release|Any CPU
		{786DB870-34C0-76B0-673D-B12505B57CA2}.Release|Any CPU.Build.0 = Release|Any CPU
		{BB0408D9-921F-CA0A-185F-7391F86E6510}.Debug|Any CPU.ActiveCfg = Debug|Any CPU
		{BB0408D9-921F-CA0A-185F-7391F86E6510}.Debug|Any CPU.Build.0 = Debug|Any CPU
		{BB0408D9-921F-CA0A-185F-7391F86E6510}.Release|Any CPU.ActiveCfg = Release|Any CPU
		{BB0408D9-921F-CA0A-185F-7391F86E6510}.Release|Any CPU.Build.0 = Release|Any CPU
		{F23D1B9C-5C10-7A8A-61A2-10C8439EBE7A}.Debug|Any CPU.ActiveCfg = Debug|Any CPU
		{F23D1B9C-5C10-7A8A-61A2-10C8439EBE7A}.Debug|Any CPU.Build.0 = Debug|Any CPU
		{F23D1B9C-5C10-7A8A-61A2-10C8439EBE7A}.Release|Any CPU.ActiveCfg = Release|Any CPU
		{F23D1B9C-5C10-7A8A-61A2-10C8439EBE7A}.Release|Any CPU.Build.0 = Release|Any CPU
		{F8A75879-EFB8-090C-9440-5C2C22F77E2F}.Debug|Any CPU.ActiveCfg = Debug|Any CPU
		{F8A75879-EFB8-090C-9440-5C2C22F77E2F}.Debug|Any CPU.Build.0 = Debug|Any CPU
		{F8A75879-EFB8-090C-9440-5C2C22F77E2F}.Release|Any CPU.ActiveCfg = Release|Any CPU
		{F8A75879-EFB8-090C-9440-5C2C22F77E2F}.Release|Any CPU.Build.0 = Release|Any CPU
		{19330FB6-894B-0C15-3304-35A1AA19CDFF}.Debug|Any CPU.ActiveCfg = Debug|Any CPU
		{19330FB6-894B-0C15-3304-35A1AA19CDFF}.Debug|Any CPU.Build.0 = Debug|Any CPU
		{19330FB6-894B-0C15-3304-35A1AA19CDFF}.Release|Any CPU.ActiveCfg = Release|Any CPU
		{19330FB6-894B-0C15-3304-35A1AA19CDFF}.Release|Any CPU.Build.0 = Release|Any CPU
		{0505D13D-5DC8-52AD-4E7F-32678B8EFFA8}.Debug|Any CPU.ActiveCfg = Debug|Any CPU
		{0505D13D-5DC8-52AD-4E7F-32678B8EFFA8}.Debug|Any CPU.Build.0 = Debug|Any CPU
		{0505D13D-5DC8-52AD-4E7F-32678B8EFFA8}.Release|Any CPU.ActiveCfg = Release|Any CPU
		{0505D13D-5DC8-52AD-4E7F-32678B8EFFA8}.Release|Any CPU.Build.0 = Release|Any CPU
		{99C59FFC-D444-0142-DFC9-90A29D5CFDE4}.Debug|Any CPU.ActiveCfg = Debug|Any CPU
		{99C59FFC-D444-0142-DFC9-90A29D5CFDE4}.Debug|Any CPU.Build.0 = Debug|Any CPU
		{99C59FFC-D444-0142-DFC9-90A29D5CFDE4}.Release|Any CPU.ActiveCfg = Release|Any CPU
		{99C59FFC-D444-0142-DFC9-90A29D5CFDE4}.Release|Any CPU.Build.0 = Release|Any CPU
		{C265CF33-1073-B53E-777D-FFF96ACEA1D1}.Debug|Any CPU.ActiveCfg = Debug|Any CPU
		{C265CF33-1073-B53E-777D-FFF96ACEA1D1}.Debug|Any CPU.Build.0 = Debug|Any CPU
		{C265CF33-1073-B53E-777D-FFF96ACEA1D1}.Release|Any CPU.ActiveCfg = Release|Any CPU
		{C265CF33-1073-B53E-777D-FFF96ACEA1D1}.Release|Any CPU.Build.0 = Release|Any CPU
		{68CBB79D-8FE9-02D5-7ABF-4F9995A411D8}.Debug|Any CPU.ActiveCfg = Debug|Any CPU
		{68CBB79D-8FE9-02D5-7ABF-4F9995A411D8}.Debug|Any CPU.Build.0 = Debug|Any CPU
		{68CBB79D-8FE9-02D5-7ABF-4F9995A411D8}.Release|Any CPU.ActiveCfg = Release|Any CPU
		{68CBB79D-8FE9-02D5-7ABF-4F9995A411D8}.Release|Any CPU.Build.0 = Release|Any CPU
		{2ED01BBB-2047-0BB0-3968-C09371350ECC}.Debug|Any CPU.ActiveCfg = Debug|Any CPU
		{2ED01BBB-2047-0BB0-3968-C09371350ECC}.Debug|Any CPU.Build.0 = Debug|Any CPU
		{2ED01BBB-2047-0BB0-3968-C09371350ECC}.Release|Any CPU.ActiveCfg = Release|Any CPU
		{2ED01BBB-2047-0BB0-3968-C09371350ECC}.Release|Any CPU.Build.0 = Release|Any CPU
		{52369789-A4A0-E213-2F79-2A997E7C3D0E}.Debug|Any CPU.ActiveCfg = Debug|Any CPU
		{52369789-A4A0-E213-2F79-2A997E7C3D0E}.Debug|Any CPU.Build.0 = Debug|Any CPU
		{52369789-A4A0-E213-2F79-2A997E7C3D0E}.Release|Any CPU.ActiveCfg = Release|Any CPU
		{52369789-A4A0-E213-2F79-2A997E7C3D0E}.Release|Any CPU.Build.0 = Release|Any CPU
		{0A2AD675-B95F-0729-BB19-7DE73BD6C99C}.Debug|Any CPU.ActiveCfg = Debug|Any CPU
		{0A2AD675-B95F-0729-BB19-7DE73BD6C99C}.Debug|Any CPU.Build.0 = Debug|Any CPU
		{0A2AD675-B95F-0729-BB19-7DE73BD6C99C}.Release|Any CPU.ActiveCfg = Release|Any CPU
		{0A2AD675-B95F-0729-BB19-7DE73BD6C99C}.Release|Any CPU.Build.0 = Release|Any CPU
		{DF0E731B-9B7F-C4DC-0984-B0416D402615}.Debug|Any CPU.ActiveCfg = Debug|Any CPU
		{DF0E731B-9B7F-C4DC-0984-B0416D402615}.Debug|Any CPU.Build.0 = Debug|Any CPU
		{DF0E731B-9B7F-C4DC-0984-B0416D402615}.Release|Any CPU.ActiveCfg = Release|Any CPU
		{DF0E731B-9B7F-C4DC-0984-B0416D402615}.Release|Any CPU.Build.0 = Release|Any CPU
		{42C4E789-ED17-8077-F26D-E92F1FF9D075}.Debug|Any CPU.ActiveCfg = Debug|Any CPU
		{42C4E789-ED17-8077-F26D-E92F1FF9D075}.Debug|Any CPU.Build.0 = Debug|Any CPU
		{42C4E789-ED17-8077-F26D-E92F1FF9D075}.Release|Any CPU.ActiveCfg = Release|Any CPU
		{42C4E789-ED17-8077-F26D-E92F1FF9D075}.Release|Any CPU.Build.0 = Release|Any CPU
		{18713320-4817-3DB2-49DB-20D0782A99BB}.Debug|Any CPU.ActiveCfg = Debug|Any CPU
		{18713320-4817-3DB2-49DB-20D0782A99BB}.Debug|Any CPU.Build.0 = Debug|Any CPU
		{18713320-4817-3DB2-49DB-20D0782A99BB}.Release|Any CPU.ActiveCfg = Release|Any CPU
		{18713320-4817-3DB2-49DB-20D0782A99BB}.Release|Any CPU.Build.0 = Release|Any CPU
		{42A438A7-0176-8A86-267A-4C9FCBA99ACA}.Debug|Any CPU.ActiveCfg = Debug|Any CPU
		{42A438A7-0176-8A86-267A-4C9FCBA99ACA}.Debug|Any CPU.Build.0 = Debug|Any CPU
		{42A438A7-0176-8A86-267A-4C9FCBA99ACA}.Release|Any CPU.ActiveCfg = Release|Any CPU
		{42A438A7-0176-8A86-267A-4C9FCBA99ACA}.Release|Any CPU.Build.0 = Release|Any CPU
		{E704FF2B-9422-49DF-976B-4C45C9E7D66B}.Debug|Any CPU.ActiveCfg = Debug|Any CPU
		{E704FF2B-9422-49DF-976B-4C45C9E7D66B}.Debug|Any CPU.Build.0 = Debug|Any CPU
		{E704FF2B-9422-49DF-976B-4C45C9E7D66B}.Release|Any CPU.ActiveCfg = Release|Any CPU
		{E704FF2B-9422-49DF-976B-4C45C9E7D66B}.Release|Any CPU.Build.0 = Release|Any CPU
		{291EC8EB-6184-84E9-D559-003B27D6359C}.Debug|Any CPU.ActiveCfg = Debug|Any CPU
		{291EC8EB-6184-84E9-D559-003B27D6359C}.Debug|Any CPU.Build.0 = Debug|Any CPU
		{291EC8EB-6184-84E9-D559-003B27D6359C}.Release|Any CPU.ActiveCfg = Release|Any CPU
		{291EC8EB-6184-84E9-D559-003B27D6359C}.Release|Any CPU.Build.0 = Release|Any CPU
		{5FABE049-56F2-4B77-A3FA-9CAF1D2B2037}.Debug|Any CPU.ActiveCfg = Debug|Any CPU
		{5FABE049-56F2-4B77-A3FA-9CAF1D2B2037}.Debug|Any CPU.Build.0 = Debug|Any CPU
		{5FABE049-56F2-4B77-A3FA-9CAF1D2B2037}.Release|Any CPU.ActiveCfg = Release|Any CPU
		{5FABE049-56F2-4B77-A3FA-9CAF1D2B2037}.Release|Any CPU.Build.0 = Release|Any CPU
		{9E3BE5FA-776A-DBD0-4A11-DDC9D7290C24}.Debug|Any CPU.ActiveCfg = Debug|Any CPU
		{9E3BE5FA-776A-DBD0-4A11-DDC9D7290C24}.Debug|Any CPU.Build.0 = Debug|Any CPU
		{9E3BE5FA-776A-DBD0-4A11-DDC9D7290C24}.Release|Any CPU.ActiveCfg = Release|Any CPU
		{9E3BE5FA-776A-DBD0-4A11-DDC9D7290C24}.Release|Any CPU.Build.0 = Release|Any CPU
		{3D3ECA26-382B-4C00-2D60-EB5251A5FCD9}.Debug|Any CPU.ActiveCfg = Debug|Any CPU
		{3D3ECA26-382B-4C00-2D60-EB5251A5FCD9}.Debug|Any CPU.Build.0 = Debug|Any CPU
		{3D3ECA26-382B-4C00-2D60-EB5251A5FCD9}.Release|Any CPU.ActiveCfg = Release|Any CPU
		{3D3ECA26-382B-4C00-2D60-EB5251A5FCD9}.Release|Any CPU.Build.0 = Release|Any CPU
		{5171BD3A-C735-65E9-30D5-CE76F837EA6C}.Debug|Any CPU.ActiveCfg = Debug|Any CPU
		{5171BD3A-C735-65E9-30D5-CE76F837EA6C}.Debug|Any CPU.Build.0 = Debug|Any CPU
		{5171BD3A-C735-65E9-30D5-CE76F837EA6C}.Release|Any CPU.ActiveCfg = Release|Any CPU
		{5171BD3A-C735-65E9-30D5-CE76F837EA6C}.Release|Any CPU.Build.0 = Release|Any CPU
		{9F2A9E7C-C985-D71B-C1F0-53F362A647AB}.Debug|Any CPU.ActiveCfg = Debug|Any CPU
		{9F2A9E7C-C985-D71B-C1F0-53F362A647AB}.Debug|Any CPU.Build.0 = Debug|Any CPU
		{9F2A9E7C-C985-D71B-C1F0-53F362A647AB}.Release|Any CPU.ActiveCfg = Release|Any CPU
		{9F2A9E7C-C985-D71B-C1F0-53F362A647AB}.Release|Any CPU.Build.0 = Release|Any CPU
		{385A888E-B95D-C567-6E89-F1CC888CEFB1}.Debug|Any CPU.ActiveCfg = Debug|Any CPU
		{385A888E-B95D-C567-6E89-F1CC888CEFB1}.Debug|Any CPU.Build.0 = Debug|Any CPU
		{385A888E-B95D-C567-6E89-F1CC888CEFB1}.Release|Any CPU.ActiveCfg = Release|Any CPU
		{385A888E-B95D-C567-6E89-F1CC888CEFB1}.Release|Any CPU.Build.0 = Release|Any CPU
		{77E56BFB-9673-588B-8DE4-7D6443088C31}.Debug|Any CPU.ActiveCfg = Debug|Any CPU
		{77E56BFB-9673-588B-8DE4-7D6443088C31}.Debug|Any CPU.Build.0 = Debug|Any CPU
		{77E56BFB-9673-588B-8DE4-7D6443088C31}.Release|Any CPU.ActiveCfg = Release|Any CPU
		{77E56BFB-9673-588B-8DE4-7D6443088C31}.Release|Any CPU.Build.0 = Release|Any CPU
		{CE6F211F-029E-49CC-5B20-428E6952F5A7}.Debug|Any CPU.ActiveCfg = Debug|Any CPU
		{CE6F211F-029E-49CC-5B20-428E6952F5A7}.Debug|Any CPU.Build.0 = Debug|Any CPU
		{CE6F211F-029E-49CC-5B20-428E6952F5A7}.Release|Any CPU.ActiveCfg = Release|Any CPU
		{CE6F211F-029E-49CC-5B20-428E6952F5A7}.Release|Any CPU.Build.0 = Release|Any CPU
		{8AEB9D96-9FC2-BC6E-6AF8-852DAD847137}.Debug|Any CPU.ActiveCfg = Debug|Any CPU
		{8AEB9D96-9FC2-BC6E-6AF8-852DAD847137}.Debug|Any CPU.Build.0 = Debug|Any CPU
		{8AEB9D96-9FC2-BC6E-6AF8-852DAD847137}.Release|Any CPU.ActiveCfg = Release|Any CPU
		{8AEB9D96-9FC2-BC6E-6AF8-852DAD847137}.Release|Any CPU.Build.0 = Release|Any CPU
		{3279FAA2-A24B-6B17-F3F1-FA9DCA63EF22}.Debug|Any CPU.ActiveCfg = Debug|Any CPU
		{3279FAA2-A24B-6B17-F3F1-FA9DCA63EF22}.Debug|Any CPU.Build.0 = Debug|Any CPU
		{3279FAA2-A24B-6B17-F3F1-FA9DCA63EF22}.Release|Any CPU.ActiveCfg = Release|Any CPU
		{3279FAA2-A24B-6B17-F3F1-FA9DCA63EF22}.Release|Any CPU.Build.0 = Release|Any CPU
	EndGlobalSection
	GlobalSection(SolutionProperties) = preSolution
		HideSolutionNode = FALSE
	EndGlobalSection
EndGlobal
